
Microsoft Visual Studio Solution File, Format Version 12.00
# Visual Studio Version 16
VisualStudioVersion = 16.0.31613.86
MinimumVisualStudioVersion = 10.0.40219.1
Project("{FAE04EC0-301F-11D3-BF4B-00C04F79EFBC}") = "IEMP_Deploy", "IEMP_Deploy\IEMP_Deploy.csproj", "{BA4D1F6D-B644-457D-A75E-F8D39AFDA706}"
EndProject
Global
	GlobalSection(SolutionConfigurationPlatforms) = preSolution
		Debug|Any CPU = Debug|Any CPU
		Release|Any CPU = Release|Any CPU
	EndGlobalSection
	GlobalSection(ProjectConfigurationPlatforms) = postSolution
		{BA4D1F6D-B644-457D-A75E-F8D39AFDA706}.Debug|Any CPU.ActiveCfg = Debug|Any CPU
		{BA4D1F6D-B644-457D-A75E-F8D39AFDA706}.Debug|Any CPU.Build.0 = Debug|Any CPU
		{BA4D1F6D-B644-457D-A75E-F8D39AFDA706}.Release|Any CPU.ActiveCfg = Release|Any CPU
		{BA4D1F6D-B644-457D-A75E-F8D39AFDA706}.Release|Any CPU.Build.0 = Release|Any CPU
	EndGlobalSection
	GlobalSection(SolutionProperties) = preSolution
		HideSolutionNode = FALSE
	EndGlobalSection
	GlobalSection(ExtensibilityGlobals) = postSolution
		SolutionGuid = {1BE4D048-ADDC-4D4B-866D-30D3D3F10A94}
	EndGlobalSection
EndGlobal
